
Microsoft Visual Studio Solution File, Format Version 12.00
# Visual Studio Version 17
VisualStudioVersion = 17.9.34701.34
MinimumVisualStudioVersion = 10.0.40219.1
Project("{9A19103F-16F7-4668-BE54-9A1E7A4F7556}") = "BenefitDashboardUITest", "BenefitDashboardUITest\BenefitDashboardUITest.csproj", "{1A586619-2C27-4FDD-A2C4-65D0BF4D50BC}"
EndProject
Project("{2150E333-8FDC-42A3-9474-1A3956D46DE8}") = "Solution Items", "Solution Items", "{19735AD3-AD60-4CDA-8823-A559E595B87C}"
	ProjectSection(SolutionItems) = preProject
		appsettings.test.json = appsettings.test.json
	EndProjectSection
EndProject
Project("{9A19103F-16F7-4668-BE54-9A1E7A4F7556}") = "BenefitDashboardAPITests", "BenefitDashboardAPITests\BenefitDashboardAPITests.csproj", "{7AF15DDF-1058-44EB-A020-2E9E566AC5D1}"
EndProject
Global
	GlobalSection(SolutionConfigurationPlatforms) = preSolution
		Debug|Any CPU = Debug|Any CPU
		Release|Any CPU = Release|Any CPU
	EndGlobalSection
	GlobalSection(ProjectConfigurationPlatforms) = postSolution
		{1A586619-2C27-4FDD-A2C4-65D0BF4D50BC}.Debug|Any CPU.ActiveCfg = Debug|Any CPU
		{1A586619-2C27-4FDD-A2C4-65D0BF4D50BC}.Debug|Any CPU.Build.0 = Debug|Any CPU
		{1A586619-2C27-4FDD-A2C4-65D0BF4D50BC}.Release|Any CPU.ActiveCfg = Release|Any CPU
		{1A586619-2C27-4FDD-A2C4-65D0BF4D50BC}.Release|Any CPU.Build.0 = Release|Any CPU
		{7AF15DDF-1058-44EB-A020-2E9E566AC5D1}.Debug|Any CPU.ActiveCfg = Debug|Any CPU
		{7AF15DDF-1058-44EB-A020-2E9E566AC5D1}.Debug|Any CPU.Build.0 = Debug|Any CPU
		{7AF15DDF-1058-44EB-A020-2E9E566AC5D1}.Release|Any CPU.ActiveCfg = Release|Any CPU
		{7AF15DDF-1058-44EB-A020-2E9E566AC5D1}.Release|Any CPU.Build.0 = Release|Any CPU
	EndGlobalSection
	GlobalSection(SolutionProperties) = preSolution
		HideSolutionNode = FALSE
	EndGlobalSection
	GlobalSection(ExtensibilityGlobals) = postSolution
		SolutionGuid = {356ABBB7-652B-4A6F-999B-AD0BA66DEA6A}
	EndGlobalSection
EndGlobal
